{
  "name": "awesome-readme-templates",
  "version": "1.4.4",
  "lockfileVersion": 3,
  "requires": true,
  "packages": {
    "": {
      "name": "awesome-readme-templates",
      "version": "1.4.4",
      "hasInstallScript": true,
      "license": "MIT",
      "os": [
        "darwin",
        "linux",
        "win32"
      ],
      "bin": {
        "awesome-readme": "bin/awesome-readme.js"
      },
      "engines": {
        "node": ">=12.0.0"
      }
    }
  }
}
